
Microsoft Visual Studio Solution File, Format Version 12.00
# Visual Studio Version 16
VisualStudioVersion = 16.0.32929.386
MinimumVisualStudioVersion = 10.0.40219.1
Project("{FAE04EC0-301F-11D3-BF4B-00C04F79EFBC}") = "JJH_230226", "JJH_230226\JJH_230226.csproj", "{8D317BCD-476E-4326-B4F2-253C2F751EE8}"
EndProject
Project("{FAE04EC0-301F-11D3-BF4B-00C04F79EFBC}") = "timer", "timer\timer.csproj", "{AD073A9E-EE7F-479A-9750-02BAA7044466}"
EndProject
Global
	GlobalSection(SolutionConfigurationPlatforms) = preSolution
		Debug|Any CPU = Debug|Any CPU
		Release|Any CPU = Release|Any CPU
	EndGlobalSection
	GlobalSection(ProjectConfigurationPlatforms) = postSolution
		{8D317BCD-476E-4326-B4F2-253C2F751EE8}.Debug|Any CPU.ActiveCfg = Debug|Any CPU
		{8D317BCD-476E-4326-B4F2-253C2F751EE8}.Debug|Any CPU.Build.0 = Debug|Any CPU
		{8D317BCD-476E-4326-B4F2-253C2F751EE8}.Release|Any CPU.ActiveCfg = Release|Any CPU
		{8D317BCD-476E-4326-B4F2-253C2F751EE8}.Release|Any CPU.Build.0 = Release|Any CPU
		{AD073A9E-EE7F-479A-9750-02BAA7044466}.Debug|Any CPU.ActiveCfg = Debug|Any CPU
		{AD073A9E-EE7F-479A-9750-02BAA7044466}.Debug|Any CPU.Build.0 = Debug|Any CPU
		{AD073A9E-EE7F-479A-9750-02BAA7044466}.Release|Any CPU.ActiveCfg = Release|Any CPU
		{AD073A9E-EE7F-479A-9750-02BAA7044466}.Release|Any CPU.Build.0 = Release|Any CPU
	EndGlobalSection
	GlobalSection(SolutionProperties) = preSolution
		HideSolutionNode = FALSE
	EndGlobalSection
	GlobalSection(ExtensibilityGlobals) = postSolution
		SolutionGuid = {C2BC6A8B-0395-4D2C-B1AC-267A315AE866}
	EndGlobalSection
EndGlobal
