
Microsoft Visual Studio Solution File, Format Version 12.00
# Visual Studio Version 16
VisualStudioVersion = 16.0.32929.386
MinimumVisualStudioVersion = 10.0.40219.1
Project("{FAE04EC0-301F-11D3-BF4B-00C04F79EFBC}") = "JJH_230212", "JJH_230212\JJH_230212.csproj", "{214D7354-297E-4743-85BB-0D3EC7E1A18F}"
EndProject
Project("{FAE04EC0-301F-11D3-BF4B-00C04F79EFBC}") = "JJH_230212(2)", "JJH_230212(2)\JJH_230212(2).csproj", "{51084D5D-8CE7-4235-8053-E9BEBBB85541}"
EndProject
Project("{FAE04EC0-301F-11D3-BF4B-00C04F79EFBC}") = "JJH_230212(3)", "JJH_230212(3)\JJH_230212(3).csproj", "{4E34617A-1FD5-4C93-A6BD-0F6888EF9F88}"
EndProject
Project("{FAE04EC0-301F-11D3-BF4B-00C04F79EFBC}") = "JJH_230213", "JJH_230213\JJH_230213.csproj", "{6776BCBA-24D7-4BDA-B009-2FE9910C5E8C}"
EndProject
Project("{FAE04EC0-301F-11D3-BF4B-00C04F79EFBC}") = "ConsoleApp1", "ConsoleApp1\ConsoleApp1.csproj", "{D680208B-1057-4B31-B4FA-6BC18D3764DA}"
EndProject
Project("{FAE04EC0-301F-11D3-BF4B-00C04F79EFBC}") = "JJH_230216", "..\..\..\JJH_230216\JJH_230216.csproj", "{E71161DA-E518-4E81-AAEB-8317AA53D98F}"
EndProject
Project("{FAE04EC0-301F-11D3-BF4B-00C04F79EFBC}") = "JJH_230219", "..\..\..\JJH_230219\JJH_230219.csproj", "{6958DC76-DD21-4D7C-8B54-56B7D1C75010}"
EndProject
Project("{FAE04EC0-301F-11D3-BF4B-00C04F79EFBC}") = "JJH_230219(2)", "..\..\..\JJH_230219(2)\JJH_230219(2).csproj", "{C50734BA-D658-4BD8-9D99-6F43C59D47DA}"
EndProject
Project("{FAE04EC0-301F-11D3-BF4B-00C04F79EFBC}") = "ConsoleApp2", "ConsoleApp2\ConsoleApp2.csproj", "{8104BC6B-D4D6-4203-BD4B-5A71DD924C56}"
EndProject
Project("{FAE04EC0-301F-11D3-BF4B-00C04F79EFBC}") = "interface", "interface\interface.csproj", "{FAA219E1-4C54-493A-AC30-1D455F2860D1}"
EndProject
Project("{FAE04EC0-301F-11D3-BF4B-00C04F79EFBC}") = "interface2", "interface2\interface2.csproj", "{B1E0DFB9-F99C-49C7-A8F1-30CEF3DD09B7}"
EndProject
Project("{FAE04EC0-301F-11D3-BF4B-00C04F79EFBC}") = "virtual", "virtual\virtual.csproj", "{4561C634-4CB4-423C-AA0E-FBD2019CA565}"
EndProject
Project("{FAE04EC0-301F-11D3-BF4B-00C04F79EFBC}") = "abstract", "absteract\abstract.csproj", "{96604CA6-6267-4E49-B9CD-344AEDAA12AA}"
EndProject
Project("{FAE04EC0-301F-11D3-BF4B-00C04F79EFBC}") = "interfaceEx", "interfaceEx\interfaceEx.csproj", "{66CFEF1D-6277-4DE7-B63D-E96CC0706738}"
EndProject
Project("{FAE04EC0-301F-11D3-BF4B-00C04F79EFBC}") = "virtualEx", "virtualEx\virtualEx.csproj", "{64397483-B473-422C-9E04-9B8341B57F74}"
EndProject
Project("{FAE04EC0-301F-11D3-BF4B-00C04F79EFBC}") = "List", "List\List.csproj", "{EBE46494-2A51-436C-BD81-82DB05DAB279}"
EndProject
Project("{FAE04EC0-301F-11D3-BF4B-00C04F79EFBC}") = "Dictionary", "Dictionary\Dictionary.csproj", "{FF19ACBA-18F1-498E-AF62-89DCC642D461}"
EndProject
Global
	GlobalSection(SolutionConfigurationPlatforms) = preSolution
		Debug|Any CPU = Debug|Any CPU
		Release|Any CPU = Release|Any CPU
	EndGlobalSection
	GlobalSection(ProjectConfigurationPlatforms) = postSolution
		{214D7354-297E-4743-85BB-0D3EC7E1A18F}.Debug|Any CPU.ActiveCfg = Debug|Any CPU
		{214D7354-297E-4743-85BB-0D3EC7E1A18F}.Debug|Any CPU.Build.0 = Debug|Any CPU
		{214D7354-297E-4743-85BB-0D3EC7E1A18F}.Release|Any CPU.ActiveCfg = Release|Any CPU
		{214D7354-297E-4743-85BB-0D3EC7E1A18F}.Release|Any CPU.Build.0 = Release|Any CPU
		{51084D5D-8CE7-4235-8053-E9BEBBB85541}.Debug|Any CPU.ActiveCfg = Debug|Any CPU
		{51084D5D-8CE7-4235-8053-E9BEBBB85541}.Debug|Any CPU.Build.0 = Debug|Any CPU
		{51084D5D-8CE7-4235-8053-E9BEBBB85541}.Release|Any CPU.ActiveCfg = Release|Any CPU
		{51084D5D-8CE7-4235-8053-E9BEBBB85541}.Release|Any CPU.Build.0 = Release|Any CPU
		{4E34617A-1FD5-4C93-A6BD-0F6888EF9F88}.Debug|Any CPU.ActiveCfg = Debug|Any CPU
		{4E34617A-1FD5-4C93-A6BD-0F6888EF9F88}.Debug|Any CPU.Build.0 = Debug|Any CPU
		{4E34617A-1FD5-4C93-A6BD-0F6888EF9F88}.Release|Any CPU.ActiveCfg = Release|Any CPU
		{4E34617A-1FD5-4C93-A6BD-0F6888EF9F88}.Release|Any CPU.Build.0 = Release|Any CPU
		{6776BCBA-24D7-4BDA-B009-2FE9910C5E8C}.Debug|Any CPU.ActiveCfg = Debug|Any CPU
		{6776BCBA-24D7-4BDA-B009-2FE9910C5E8C}.Debug|Any CPU.Build.0 = Debug|Any CPU
		{6776BCBA-24D7-4BDA-B009-2FE9910C5E8C}.Release|Any CPU.ActiveCfg = Release|Any CPU
		{6776BCBA-24D7-4BDA-B009-2FE9910C5E8C}.Release|Any CPU.Build.0 = Release|Any CPU
		{D680208B-1057-4B31-B4FA-6BC18D3764DA}.Debug|Any CPU.ActiveCfg = Debug|Any CPU
		{D680208B-1057-4B31-B4FA-6BC18D3764DA}.Debug|Any CPU.Build.0 = Debug|Any CPU
		{D680208B-1057-4B31-B4FA-6BC18D3764DA}.Release|Any CPU.ActiveCfg = Release|Any CPU
		{D680208B-1057-4B31-B4FA-6BC18D3764DA}.Release|Any CPU.Build.0 = Release|Any CPU
		{E71161DA-E518-4E81-AAEB-8317AA53D98F}.Debug|Any CPU.ActiveCfg = Debug|Any CPU
		{E71161DA-E518-4E81-AAEB-8317AA53D98F}.Debug|Any CPU.Build.0 = Debug|Any CPU
		{E71161DA-E518-4E81-AAEB-8317AA53D98F}.Release|Any CPU.ActiveCfg = Release|Any CPU
		{E71161DA-E518-4E81-AAEB-8317AA53D98F}.Release|Any CPU.Build.0 = Release|Any CPU
		{6958DC76-DD21-4D7C-8B54-56B7D1C75010}.Debug|Any CPU.ActiveCfg = Debug|Any CPU
		{6958DC76-DD21-4D7C-8B54-56B7D1C75010}.Debug|Any CPU.Build.0 = Debug|Any CPU
		{6958DC76-DD21-4D7C-8B54-56B7D1C75010}.Release|Any CPU.ActiveCfg = Release|Any CPU
		{6958DC76-DD21-4D7C-8B54-56B7D1C75010}.Release|Any CPU.Build.0 = Release|Any CPU
		{C50734BA-D658-4BD8-9D99-6F43C59D47DA}.Debug|Any CPU.ActiveCfg = Debug|Any CPU
		{C50734BA-D658-4BD8-9D99-6F43C59D47DA}.Debug|Any CPU.Build.0 = Debug|Any CPU
		{C50734BA-D658-4BD8-9D99-6F43C59D47DA}.Release|Any CPU.ActiveCfg = Release|Any CPU
		{C50734BA-D658-4BD8-9D99-6F43C59D47DA}.Release|Any CPU.Build.0 = Release|Any CPU
		{8104BC6B-D4D6-4203-BD4B-5A71DD924C56}.Debug|Any CPU.ActiveCfg = Debug|Any CPU
		{8104BC6B-D4D6-4203-BD4B-5A71DD924C56}.Debug|Any CPU.Build.0 = Debug|Any CPU
		{8104BC6B-D4D6-4203-BD4B-5A71DD924C56}.Release|Any CPU.ActiveCfg = Release|Any CPU
		{8104BC6B-D4D6-4203-BD4B-5A71DD924C56}.Release|Any CPU.Build.0 = Release|Any CPU
		{FAA219E1-4C54-493A-AC30-1D455F2860D1}.Debug|Any CPU.ActiveCfg = Debug|Any CPU
		{FAA219E1-4C54-493A-AC30-1D455F2860D1}.Debug|Any CPU.Build.0 = Debug|Any CPU
		{FAA219E1-4C54-493A-AC30-1D455F2860D1}.Release|Any CPU.ActiveCfg = Release|Any CPU
		{FAA219E1-4C54-493A-AC30-1D455F2860D1}.Release|Any CPU.Build.0 = Release|Any CPU
		{B1E0DFB9-F99C-49C7-A8F1-30CEF3DD09B7}.Debug|Any CPU.ActiveCfg = Debug|Any CPU
		{B1E0DFB9-F99C-49C7-A8F1-30CEF3DD09B7}.Debug|Any CPU.Build.0 = Debug|Any CPU
		{B1E0DFB9-F99C-49C7-A8F1-30CEF3DD09B7}.Release|Any CPU.ActiveCfg = Release|Any CPU
		{B1E0DFB9-F99C-49C7-A8F1-30CEF3DD09B7}.Release|Any CPU.Build.0 = Release|Any CPU
		{4561C634-4CB4-423C-AA0E-FBD2019CA565}.Debug|Any CPU.ActiveCfg = Debug|Any CPU
		{4561C634-4CB4-423C-AA0E-FBD2019CA565}.Debug|Any CPU.Build.0 = Debug|Any CPU
		{4561C634-4CB4-423C-AA0E-FBD2019CA565}.Release|Any CPU.ActiveCfg = Release|Any CPU
		{4561C634-4CB4-423C-AA0E-FBD2019CA565}.Release|Any CPU.Build.0 = Release|Any CPU
		{96604CA6-6267-4E49-B9CD-344AEDAA12AA}.Debug|Any CPU.ActiveCfg = Debug|Any CPU
		{96604CA6-6267-4E49-B9CD-344AEDAA12AA}.Debug|Any CPU.Build.0 = Debug|Any CPU
		{96604CA6-6267-4E49-B9CD-344AEDAA12AA}.Release|Any CPU.ActiveCfg = Release|Any CPU
		{96604CA6-6267-4E49-B9CD-344AEDAA12AA}.Release|Any CPU.Build.0 = Release|Any CPU
		{66CFEF1D-6277-4DE7-B63D-E96CC0706738}.Debug|Any CPU.ActiveCfg = Debug|Any CPU
		{66CFEF1D-6277-4DE7-B63D-E96CC0706738}.Debug|Any CPU.Build.0 = Debug|Any CPU
		{66CFEF1D-6277-4DE7-B63D-E96CC0706738}.Release|Any CPU.ActiveCfg = Release|Any CPU
		{66CFEF1D-6277-4DE7-B63D-E96CC0706738}.Release|Any CPU.Build.0 = Release|Any CPU
		{64397483-B473-422C-9E04-9B8341B57F74}.Debug|Any CPU.ActiveCfg = Debug|Any CPU
		{64397483-B473-422C-9E04-9B8341B57F74}.Debug|Any CPU.Build.0 = Debug|Any CPU
		{64397483-B473-422C-9E04-9B8341B57F74}.Release|Any CPU.ActiveCfg = Release|Any CPU
		{64397483-B473-422C-9E04-9B8341B57F74}.Release|Any CPU.Build.0 = Release|Any CPU
		{EBE46494-2A51-436C-BD81-82DB05DAB279}.Debug|Any CPU.ActiveCfg = Debug|Any CPU
		{EBE46494-2A51-436C-BD81-82DB05DAB279}.Debug|Any CPU.Build.0 = Debug|Any CPU
		{EBE46494-2A51-436C-BD81-82DB05DAB279}.Release|Any CPU.ActiveCfg = Release|Any CPU
		{EBE46494-2A51-436C-BD81-82DB05DAB279}.Release|Any CPU.Build.0 = Release|Any CPU
		{FF19ACBA-18F1-498E-AF62-89DCC642D461}.Debug|Any CPU.ActiveCfg = Debug|Any CPU
		{FF19ACBA-18F1-498E-AF62-89DCC642D461}.Debug|Any CPU.Build.0 = Debug|Any CPU
		{FF19ACBA-18F1-498E-AF62-89DCC642D461}.Release|Any CPU.ActiveCfg = Release|Any CPU
		{FF19ACBA-18F1-498E-AF62-89DCC642D461}.Release|Any CPU.Build.0 = Release|Any CPU
	EndGlobalSection
	GlobalSection(SolutionProperties) = preSolution
		HideSolutionNode = FALSE
	EndGlobalSection
	GlobalSection(ExtensibilityGlobals) = postSolution
		SolutionGuid = {639B7036-CC2C-4CA1-ADAA-E387D7D013E6}
	EndGlobalSection
EndGlobal
